
Microsoft Visual Studio Solution File, Format Version 12.00
# Visual Studio Version 17
VisualStudioVersion = 17.0.31919.166
MinimumVisualStudioVersion = 10.0.40219.1
Project("{FAE04EC0-301F-11D3-BF4B-00C04F79EFBC}") = "QAAuto", "QAAuto\QAAuto.csproj", "{5F6742B7-422B-4AA3-BE64-4301D7FFAD5C}"
EndProject
Project("{FAE04EC0-301F-11D3-BF4B-00C04F79EFBC}") = "Homework 2", "Homework 2\Homework 2.csproj", "{76B2FE78-99E4-42F3-95A1-B0E1AFC6221C}"
EndProject
Global
	GlobalSection(SolutionConfigurationPlatforms) = preSolution
		Debug|Any CPU = Debug|Any CPU
		Release|Any CPU = Release|Any CPU
	EndGlobalSection
	GlobalSection(ProjectConfigurationPlatforms) = postSolution
		{5F6742B7-422B-4AA3-BE64-4301D7FFAD5C}.Debug|Any CPU.ActiveCfg = Debug|Any CPU
		{5F6742B7-422B-4AA3-BE64-4301D7FFAD5C}.Debug|Any CPU.Build.0 = Debug|Any CPU
		{5F6742B7-422B-4AA3-BE64-4301D7FFAD5C}.Release|Any CPU.ActiveCfg = Release|Any CPU
		{5F6742B7-422B-4AA3-BE64-4301D7FFAD5C}.Release|Any CPU.Build.0 = Release|Any CPU
		{76B2FE78-99E4-42F3-95A1-B0E1AFC6221C}.Debug|Any CPU.ActiveCfg = Debug|Any CPU
		{76B2FE78-99E4-42F3-95A1-B0E1AFC6221C}.Debug|Any CPU.Build.0 = Debug|Any CPU
		{76B2FE78-99E4-42F3-95A1-B0E1AFC6221C}.Release|Any CPU.ActiveCfg = Release|Any CPU
		{76B2FE78-99E4-42F3-95A1-B0E1AFC6221C}.Release|Any CPU.Build.0 = Release|Any CPU
	EndGlobalSection
	GlobalSection(SolutionProperties) = preSolution
		HideSolutionNode = FALSE
	EndGlobalSection
	GlobalSection(ExtensibilityGlobals) = postSolution
		SolutionGuid = {9FF750A3-8424-4D6A-AE05-C5477CB4E269}
	EndGlobalSection
EndGlobal
